# THIS IS AN AUTOGENERATED FILE. DO NOT EDIT THIS FILE DIRECTLY.
# yarn lockfile v1


"@ephyra/ckeditor5-build-markdown@^1.0.0":
  version "1.0.0"
  resolved "https://registry.yarnpkg.com/@ephyra/ckeditor5-build-markdown/-/ckeditor5-build-markdown-1.0.0.tgz#b2a685f8380a0eb535de3059847fc01b308b8654"
  integrity sha512-7w3yIJelBDj2c6wPry4OtvQf8uilNp55Gumwc8gPqDmLpwMA728iDqLDMn0ikkKzVcjiSUZ+Yych/hd+GEbwwA==
